// !$*UTF8*$!
{
	archiveVersion = 1;
	classes = {
	};
	objectVersion = 46;
	objects = {

/* Begin PBXBuildFile section */
		9731AA35140F9DC8005BDA30 /* Cocoa.framework in Frameworks */ = {isa = PBXBuildFile; fileRef = 9731AA34140F9DC8005BDA30 /* Cocoa.framework */; };
		9731AA3F140F9DC8005BDA30 /* InfoPlist.strings in Resources */ = {isa = PBXBuildFile; fileRef = 9731AA3D140F9DC8005BDA30 /* InfoPlist.strings */; };
		9731AA41140F9DC8005BDA30 /* main.m in Sources */ = {isa = PBXBuildFile; fileRef = 9731AA40140F9DC8005BDA30 /* main.m */; };
		9731AA45140F9DC8005BDA30 /* Credits.rtf in Resources */ = {isa = PBXBuildFile; fileRef = 9731AA43140F9DC8005BDA30 /* Credits.rtf */; };
		9731AA4E140F9DC8005BDA30 /* MainMenu.xib in Resources */ = {isa = PBXBuildFile; fileRef = 9731AA4C140F9DC8005BDA30 /* MainMenu.xib */; };
/* End PBXBuildFile section */

/* Begin PBXFileReference section */
		9731AA30140F9DC8005BDA30 /* Alpaca.app */ = {isa = PBXFileReference; explicitFileType = wrapper.application; includeInIndex = 0; path = Alpaca.app; sourceTree = BUILT_PRODUCTS_DIR; };
		9731AA34140F9DC8005BDA30 /* Cocoa.framework */ = {isa = PBXFileReference; lastKnownFileType = wrapper.framework; name = Cocoa.framework; path = System/Library/Frameworks/Cocoa.framework; sourceTree = SDKROOT; };
		9731AA37140F9DC8005BDA30 /* AppKit.framework */ = {isa = PBXFileReference; lastKnownFileType = wrapper.framework; name = AppKit.framework; path = System/Library/Frameworks/AppKit.framework; sourceTree = SDKROOT; };
		9731AA38140F9DC8005BDA30 /* CoreData.framework */ = {isa = PBXFileReference; lastKnownFileType = wrapper.framework; name = CoreData.framework; path = System/Library/Frameworks/CoreData.framework; sourceTree = SDKROOT; };
		9731AA39140F9DC8005BDA30 /* Foundation.framework */ = {isa = PBXFileReference; lastKnownFileType = wrapper.framework; name = Foundation.framework; path = System/Library/Frameworks/Foundation.framework; sourceTree = SDKROOT; };
		9731AA3C140F9DC8005BDA30 /* Alpaca-Info.plist */ = {isa = PBXFileReference; lastKnownFileType = text.plist.xml; path = "Alpaca-Info.plist"; sourceTree = "<group>"; };
		9731AA3E140F9DC8005BDA30 /* en */ = {isa = PBXFileReference; lastKnownFileType = text.plist.strings; name = en; path = en.lproj/InfoPlist.strings; sourceTree = "<group>"; };
		9731AA40140F9DC8005BDA30 /* main.m */ = {isa = PBXFileReference; lastKnownFileType = sourcecode.c.objc; path = main.m; sourceTree = "<group>"; };
		9731AA42140F9DC8005BDA30 /* Alpaca-Prefix.pch */ = {isa = PBXFileReference; lastKnownFileType = sourcecode.c.h; path = "Alpaca-Prefix.pch"; sourceTree = "<group>"; };
		9731AA44140F9DC8005BDA30 /* en */ = {isa = PBXFileReference; lastKnownFileType = text.rtf; name = en; path = en.lproj/Credits.rtf; sourceTree = "<group>"; };
		9731AA4D140F9DC8005BDA30 /* en */ = {isa = PBXFileReference; lastKnownFileType = file.xib; name = en; path = en.lproj/MainMenu.xib; sourceTree = "<group>"; };
/* End PBXFileReference section */

/* Begin PBXFrameworksBuildPhase section */
		9731AA2D140F9DC8005BDA30 /* Frameworks */ = {
			isa = PBXFrameworksBuildPhase;
			buildActionMask = 2147483647;
			files = (
				9731AA35140F9DC8005BDA30 /* Cocoa.framework in Frameworks */,
			);
			runOnlyForDeploymentPostprocessing = 0;
		};
/* End PBXFrameworksBuildPhase section */

/* Begin PBXGroup section */
		9731AA25140F9DC8005BDA30 = {
			isa = PBXGroup;
			children = (
				9731AA3A140F9DC8005BDA30 /* Alpaca */,
				9731AA33140F9DC8005BDA30 /* Frameworks */,
				9731AA31140F9DC8005BDA30 /* Products */,
			);
			sourceTree = "<group>";
		};
		9731AA31140F9DC8005BDA30 /* Products */ = {
			isa = PBXGroup;
			children = (
				9731AA30140F9DC8005BDA30 /* Alpaca.app */,
			);
			name = Products;
			sourceTree = "<group>";
		};
		9731AA33140F9DC8005BDA30 /* Frameworks */ = {
			isa = PBXGroup;
			children = (
				9731AA34140F9DC8005BDA30 /* Cocoa.framework */,
				9731AA36140F9DC8005BDA30 /* Other Frameworks */,
			);
			name = Frameworks;
			sourceTree = "<group>";
		};
		9731AA36140F9DC8005BDA30 /* Other Frameworks */ = {
			isa = PBXGroup;
			children = (
				9731AA37140F9DC8005BDA30 /* AppKit.framework */,
				9731AA38140F9DC8005BDA30 /* CoreData.framework */,
				9731AA39140F9DC8005BDA30 /* Foundation.framework */,
			);
			name = "Other Frameworks";
			sourceTree = "<group>";
		};
		9731AA3A140F9DC8005BDA30 /* Alpaca */ = {
			isa = PBXGroup;
			children = (
				9731AA4C140F9DC8005BDA30 /* MainMenu.xib */,
				9731AA3B140F9DC8005BDA30 /* Supporting Files */,
			);
			path = Alpaca;
			sourceTree = "<group>";
		};
		9731AA3B140F9DC8005BDA30 /* Supporting Files */ = {
			isa = PBXGroup;
			children = (
				9731AA3C140F9DC8005BDA30 /* Alpaca-Info.plist */,
				9731AA3D140F9DC8005BDA30 /* InfoPlist.strings */,
				9731AA40140F9DC8005BDA30 /* main.m */,
				9731AA42140F9DC8005BDA30 /* Alpaca-Prefix.pch */,
				9731AA43140F9DC8005BDA30 /* Credits.rtf */,
			);
			name = "Supporting Files";
			sourceTree = "<group>";
		};
/* End PBXGroup section */

/* Begin PBXNativeTarget section */
		9731AA2F140F9DC8005BDA30 /* Alpaca */ = {
			isa = PBXNativeTarget;
			buildConfigurationList = 9731AA51140F9DC8005BDA30 /* Build configuration list for PBXNativeTarget "Alpaca" */;
			buildPhases = (
				9731AA2C140F9DC8005BDA30 /* Sources */,
				9731AA2D140F9DC8005BDA30 /* Frameworks */,
				9731AA2E140F9DC8005BDA30 /* Resources */,
			);
			buildRules = (
			);
			dependencies = (
			);
			name = Alpaca;
			productName = Alpaca;
			productReference = 9731AA30140F9DC8005BDA30 /* Alpaca.app */;
			productType = "com.apple.product-type.application";
		};
/* End PBXNativeTarget section */

/* Begin PBXProject section */
		9731AA27140F9DC8005BDA30 /* Project object */ = {
			isa = PBXProject;
			attributes = {
				LastUpgradeCheck = 0420;
			};
			buildConfigurationList = 9731AA2A140F9DC8005BDA30 /* Build configuration list for PBXProject "Alpaca" */;
			compatibilityVersion = "Xcode 3.2";
			developmentRegion = English;
			hasScannedForEncodings = 0;
			knownRegions = (
				en,
			);
			mainGroup = 9731AA25140F9DC8005BDA30;
			productRefGroup = 9731AA31140F9DC8005BDA30 /* Products */;
			projectDirPath = "";
			projectRoot = "";
			targets = (
				9731AA2F140F9DC8005BDA30 /* Alpaca */,
			);
		};
/* End PBXProject section */

/* Begin PBXResourcesBuildPhase section */
		9731AA2E140F9DC8005BDA30 /* Resources */ = {
			isa = PBXResourcesBuildPhase;
			buildActionMask = 2147483647;
			files = (
				9731AA3F140F9DC8005BDA30 /* InfoPlist.strings in Resources */,
				9731AA45140F9DC8005BDA30 /* Credits.rtf in Resources */,
				9731AA4E140F9DC8005BDA30 /* MainMenu.xib in Resources */,
			);
			runOnlyForDeploymentPostprocessing = 0;
		};
/* End PBXResourcesBuildPhase section */

/* Begin PBXSourcesBuildPhase section */
		9731AA2C140F9DC8005BDA30 /* Sources */ = {
			isa = PBXSourcesBuildPhase;
			buildActionMask = 2147483647;
			files = (
				9731AA41140F9DC8005BDA30 /* main.m in Sources */,
			);
			runOnlyForDeploymentPostprocessing = 0;
		};
/* End PBXSourcesBuildPhase section */

/* Begin PBXVariantGroup section */
		9731AA3D140F9DC8005BDA30 /* InfoPlist.strings */ = {
			isa = PBXVariantGroup;
			children = (
				9731AA3E140F9DC8005BDA30 /* en */,
			);
			name = InfoPlist.strings;
			sourceTree = "<group>";
		};
		9731AA43140F9DC8005BDA30 /* Credits.rtf */ = {
			isa = PBXVariantGroup;
			children = (
				9731AA44140F9DC8005BDA30 /* en */,
			);
			name = Credits.rtf;
			sourceTree = "<group>";
		};
		9731AA4C140F9DC8005BDA30 /* MainMenu.xib */ = {
			isa = PBXVariantGroup;
			children = (
				9731AA4D140F9DC8005BDA30 /* en */,
			);
			name = MainMenu.xib;
			sourceTree = "<group>";
		};
/* End PBXVariantGroup section */

/* Begin XCBuildConfiguration section */
		9731AA4F140F9DC8005BDA30 /* Debug */ = {
			isa = XCBuildConfiguration;
			buildSettings = {
				ALWAYS_SEARCH_USER_PATHS = NO;
				ARCHS = "$(ARCHS_STANDARD_64_BIT)";
				COPY_PHASE_STRIP = NO;
				GCC_C_LANGUAGE_STANDARD = gnu99;
				GCC_DYNAMIC_NO_PIC = NO;
				GCC_ENABLE_OBJC_EXCEPTIONS = YES;
				GCC_OPTIMIZATION_LEVEL = 0;
				GCC_PREPROCESSOR_DEFINITIONS = (
					"DEBUG=1",
					"$(inherited)",
				);
				GCC_SYMBOLS_PRIVATE_EXTERN = NO;
				GCC_VERSION = com.apple.compilers.llvm.clang.1_0;
				GCC_WARN_64_TO_32_BIT_CONVERSION = YES;
				GCC_WARN_ABOUT_MISSING_PROTOTYPES = YES;
				GCC_WARN_ABOUT_RETURN_TYPE = YES;
				GCC_WARN_UNUSED_VARIABLE = YES;
				MACOSX_DEPLOYMENT_TARGET = 10.7;
				ONLY_ACTIVE_ARCH = YES;
				SDKROOT = macosx;
			};
			name = Debug;
		};
		9731AA50140F9DC8005BDA30 /* Release */ = {
			isa = XCBuildConfiguration;
			buildSettings = {
				ALWAYS_SEARCH_USER_PATHS = NO;
				ARCHS = "$(ARCHS_STANDARD_64_BIT)";
				COPY_PHASE_STRIP = YES;
				DEBUG_INFORMATION_FORMAT = "dwarf-with-dsym";
				GCC_C_LANGUAGE_STANDARD = gnu99;
				GCC_ENABLE_OBJC_EXCEPTIONS = YES;
				GCC_VERSION = com.apple.compilers.llvm.clang.1_0;
				GCC_WARN_64_TO_32_BIT_CONVERSION = YES;
				GCC_WARN_ABOUT_MISSING_PROTOTYPES = YES;
				GCC_WARN_ABOUT_RETURN_TYPE = YES;
				GCC_WARN_UNUSED_VARIABLE = YES;
				MACOSX_DEPLOYMENT_TARGET = 10.7;
				SDKROOT = macosx;
			};
			name = Release;
		};
		9731AA52140F9DC8005BDA30 /* Debug */ = {
			isa = XCBuildConfiguration;
			buildSettings = {
				GCC_PRECOMPILE_PREFIX_HEADER = YES;
				GCC_PREFIX_HEADER = "Alpaca/Alpaca-Prefix.pch";
				INFOPLIST_FILE = "Alpaca/Alpaca-Info.plist";
				PRODUCT_NAME = "$(TARGET_NAME)";
				WRAPPER_EXTENSION = app;
			};
			name = Debug;
		};
		9731AA53140F9DC8005BDA30 /* Release */ = {
			isa = XCBuildConfiguration;
			buildSettings = {
				GCC_PRECOMPILE_PREFIX_HEADER = YES;
				GCC_PREFIX_HEADER = "Alpaca/Alpaca-Prefix.pch";
				INFOPLIST_FILE = "Alpaca/Alpaca-Info.plist";
				PRODUCT_NAME = "$(TARGET_NAME)";
				WRAPPER_EXTENSION = app;
			};
			name = Release;
		};
/* End XCBuildConfiguration section */

/* Begin XCConfigurationList section */
		9731AA2A140F9DC8005BDA30 /* Build configuration list for PBXProject "Alpaca" */ = {
			isa = XCConfigurationList;
			buildConfigurations = (
				9731AA4F140F9DC8005BDA30 /* Debug */,
				9731AA50140F9DC8005BDA30 /* Release */,
			);
			defaultConfigurationIsVisible = 0;
			defaultConfigurationName = Release;
		};
		9731AA51140F9DC8005BDA30 /* Build configuration list for PBXNativeTarget "Alpaca" */ = {
			isa = XCConfigurationList;
			buildConfigurations = (
				9731AA52140F9DC8005BDA30 /* Debug */,
				9731AA53140F9DC8005BDA30 /* Release */,
			);
			defaultConfigurationIsVisible = 0;
			defaultConfigurationName = Release;
		};
/* End XCConfigurationList section */
	};
	rootObject = 9731AA27140F9DC8005BDA30 /* Project object */;
}
